
Microsoft Visual Studio Solution File, Format Version 12.00
# Visual Studio Version 17
VisualStudioVersion = 17.11.35327.3
MinimumVisualStudioVersion = 10.0.40219.1
Project("{FAE04EC0-301F-11D3-BF4B-00C04F79EFBC}") = "Complemento", "Complemento.csproj", "{566A42F2-269C-426A-BEFC-3DF775203B7C}"
EndProject
Global
	GlobalSection(SolutionConfigurationPlatforms) = preSolution
		Debug|Any CPU = Debug|Any CPU
		Release|Any CPU = Release|Any CPU
	EndGlobalSection
	GlobalSection(ProjectConfigurationPlatforms) = postSolution
		{566A42F2-269C-426A-BEFC-3DF775203B7C}.Debug|Any CPU.ActiveCfg = Debug|Any CPU
		{566A42F2-269C-426A-BEFC-3DF775203B7C}.Debug|Any CPU.Build.0 = Debug|Any CPU
		{566A42F2-269C-426A-BEFC-3DF775203B7C}.Release|Any CPU.ActiveCfg = Release|Any CPU
		{566A42F2-269C-426A-BEFC-3DF775203B7C}.Release|Any CPU.Build.0 = Release|Any CPU
	EndGlobalSection
	GlobalSection(SolutionProperties) = preSolution
		HideSolutionNode = FALSE
	EndGlobalSection
	GlobalSection(ExtensibilityGlobals) = postSolution
		SolutionGuid = {058CD5F6-803A-4A68-AEF0-5454608B5ECE}
	EndGlobalSection
EndGlobal
